// !$*UTF8*$!
{
	archiveVersion = 1;
	classes = {
	};
	objectVersion = 60;
	objects = {

/* Begin PBXBuildFile section */
		35C0A0012F87C7E1008117B0 /* BaseMVVM in Frameworks */ = {isa = PBXBuildFile; productRef = 35C0A0002F87C7E1008117B0 /* BaseMVVM */; };
		35C0A0032F87C7E1008117B0 /* RxRelay in Frameworks */ = {isa = PBXBuildFile; productRef = 35C0A0022F87C7E1008117B0 /* RxRelay */; };
		35C0A0052F87C7E1008117B0 /* RxSwift in Frameworks */ = {isa = PBXBuildFile; productRef = 35C0A0042F87C7E1008117B0 /* RxSwift */; };
		50B7EA79C2D2A151AA95D941 /* Pods_BaseMVVM.framework in Frameworks */ = {isa = PBXBuildFile; fileRef = CC73F19C218490FB9ADB4812 /* Pods_BaseMVVM.framework */; };
		83F4B333EE214A2F5F1A0237 /* Pods_BaseMVVMTests.framework in Frameworks */ = {isa = PBXBuildFile; fileRef = C3A1FAD8B598B366E7BD64E3 /* Pods_BaseMVVMTests.framework */; };
		FB01234E246BBF740020C7A9 /* AppDelegate.swift in Sources */ = {isa = PBXBuildFile; fileRef = FB01234D246BBF740020C7A9 /* AppDelegate.swift */; };
		FB012352246BBF740020C7A9 /* DiffController.swift in Sources */ = {isa = PBXBuildFile; fileRef = FB012351246BBF740020C7A9 /* DiffController.swift */; };
		FB012355246BBF740020C7A9 /* Main.storyboard in Resources */ = {isa = PBXBuildFile; fileRef = FB012353246BBF740020C7A9 /* Main.storyboard */; };
		FB012357246BBF750020C7A9 /* Assets.xcassets in Resources */ = {isa = PBXBuildFile; fileRef = FB012356246BBF750020C7A9 /* Assets.xcassets */; };
		FB01235A246BBF750020C7A9 /* LaunchScreen.storyboard in Resources */ = {isa = PBXBuildFile; fileRef = FB012358246BBF750020C7A9 /* LaunchScreen.storyboard */; };
		FB02A00E237EF7940042AE84 /* SBBaseTabBarController.swift in Sources */ = {isa = PBXBuildFile; fileRef = FB02A00D237EF7940042AE84 /* SBBaseTabBarController.swift */; };
		FB061AF0230D39B300202907 /* BaseMVVM.framework in Frameworks */ = {isa = PBXBuildFile; fileRef = FB061AE6230D39B300202907 /* BaseMVVM.framework */; };
		FB061AF5230D39B300202907 /* BaseMVVMTests.swift in Sources */ = {isa = PBXBuildFile; fileRef = FB061AF4230D39B300202907 /* BaseMVVMTests.swift */; };
		FB061AF7230D39B300202907 /* BaseMVVM.h in Headers */ = {isa = PBXBuildFile; fileRef = FB061AE9230D39B300202907 /* BaseMVVM.h */; settings = {ATTRIBUTES = (Public, ); }; };
		FB061B0D230D452400202907 /* SBBaseController.swift in Sources */ = {isa = PBXBuildFile; fileRef = FB061B03230D452300202907 /* SBBaseController.swift */; };
		FB061B0E230D452400202907 /* SBMVVMHolderProtocol.swift in Sources */ = {isa = PBXBuildFile; fileRef = FB061B04230D452400202907 /* SBMVVMHolderProtocol.swift */; };
		FB061B0F230D452400202907 /* SBBaseVM.swift in Sources */ = {isa = PBXBuildFile; fileRef = FB061B05230D452400202907 /* SBBaseVM.swift */; };
		FB061B10230D452400202907 /* SBViewModel.swift in Sources */ = {isa = PBXBuildFile; fileRef = FB061B06230D452400202907 /* SBViewModel.swift */; };
		FB061B11230D452400202907 /* SBBindUIProtocol.swift in Sources */ = {isa = PBXBuildFile; fileRef = FB061B07230D452400202907 /* SBBindUIProtocol.swift */; };
		FB061B12230D452400202907 /* SBPreloaderController.swift in Sources */ = {isa = PBXBuildFile; fileRef = FB061B08230D452400202907 /* SBPreloaderController.swift */; };
		FB061B13230D452400202907 /* SBNavigationController.swift in Sources */ = {isa = PBXBuildFile; fileRef = FB061B09230D452400202907 /* SBNavigationController.swift */; };
		FB061B14230D452400202907 /* SBBaseTableController.swift in Sources */ = {isa = PBXBuildFile; fileRef = FB061B0A230D452400202907 /* SBBaseTableController.swift */; };
		FB061B15230D452400202907 /* SBBindProtocol.swift in Sources */ = {isa = PBXBuildFile; fileRef = FB061B0B230D452400202907 /* SBBindProtocol.swift */; };
		FB061B16230D452400202907 /* SBMVVMHolderUIBase.swift in Sources */ = {isa = PBXBuildFile; fileRef = FB061B0C230D452400202907 /* SBMVVMHolderUIBase.swift */; };
		FB061B18230D45B300202907 /* Podfile in Resources */ = {isa = PBXBuildFile; fileRef = FB061B17230D45B300202907 /* Podfile */; };
		FB061B1A230D460600202907 /* SBPreloaderView.swift in Sources */ = {isa = PBXBuildFile; fileRef = FB061B19230D460600202907 /* SBPreloaderView.swift */; };
		FB061B1C230D460F00202907 /* UIAlertController+Ext.swift in Sources */ = {isa = PBXBuildFile; fileRef = FB061B1B230D460F00202907 /* UIAlertController+Ext.swift */; };
		FB061B1E230D46E200202907 /* SBServiceFactoryProtocol.swift in Sources */ = {isa = PBXBuildFile; fileRef = FB061B1D230D46E200202907 /* SBServiceFactoryProtocol.swift */; };
		FB061B20230D4CCE00202907 /* SBServiceViewModel.swift in Sources */ = {isa = PBXBuildFile; fileRef = FB061B1F230D4CCE00202907 /* SBServiceViewModel.swift */; };
		FB061B22230D4E1600202907 /* SBAuthUserServiceProtocol.swift in Sources */ = {isa = PBXBuildFile; fileRef = FB061B21230D4E1600202907 /* SBAuthUserServiceProtocol.swift */; };
		FB061B26230D519800202907 /* UIViewController+Ext.swift in Sources */ = {isa = PBXBuildFile; fileRef = FB061B25230D519800202907 /* UIViewController+Ext.swift */; };
		FB061B29230D53B500202907 /* Localizable.strings in Resources */ = {isa = PBXBuildFile; fileRef = FB061B2B230D53B500202907 /* Localizable.strings */; };
		FB061B2E230D54AB00202907 /* Preloader.storyboard in Resources */ = {isa = PBXBuildFile; fileRef = FB061B2D230D54AB00202907 /* Preloader.storyboard */; };
		FB061B30230D55C700202907 /* SBDowloadServiceProtocol.swift in Sources */ = {isa = PBXBuildFile; fileRef = FB061B2F230D55C700202907 /* SBDowloadServiceProtocol.swift */; };
		FB061B32230D57F800202907 /* SBServiceBaseVM.swift in Sources */ = {isa = PBXBuildFile; fileRef = FB061B31230D57F800202907 /* SBServiceBaseVM.swift */; };
		FB061B36230D8A9200202907 /* SwiftMVVM-Rx-SOA.podspec in Resources */ = {isa = PBXBuildFile; fileRef = FB061B35230D8A9100202907 /* SwiftMVVM-Rx-SOA.podspec */; };
		FB0C0FF22BBE8F2A003947C0 /* PrivacyInfo.xcprivacy in Resources */ = {isa = PBXBuildFile; fileRef = FB0C0FF12BBE8F2A003947C0 /* PrivacyInfo.xcprivacy */; };
		FB116F2323CDC3D30038B698 /* Dictionary+Ext.swift in Sources */ = {isa = PBXBuildFile; fileRef = FB116F2223CDC3D30038B698 /* Dictionary+Ext.swift */; };
		FB116F2523CDCA7B0038B698 /* DictionaryExtTests.swift in Sources */ = {isa = PBXBuildFile; fileRef = FB116F2423CDCA7B0038B698 /* DictionaryExtTests.swift */; };
		FB15276C28C092FF00209083 /* ReverseController.swift in Sources */ = {isa = PBXBuildFile; fileRef = FB15276B28C092FF00209083 /* ReverseController.swift */; };
		FB1ED59C246B901800A9B39E /* SBDiffCalculator.swift in Sources */ = {isa = PBXBuildFile; fileRef = FB1ED59B246B901800A9B39E /* SBDiffCalculator.swift */; };
		FB1ED59E246BA16500A9B39E /* SBDiffCalculator+UIView.swift in Sources */ = {isa = PBXBuildFile; fileRef = FB1ED59D246BA16500A9B39E /* SBDiffCalculator+UIView.swift */; };
		FB1ED5A0246BA5D400A9B39E /* SBDiffCalculatorTests.swift in Sources */ = {isa = PBXBuildFile; fileRef = FB1ED59F246BA5D400A9B39E /* SBDiffCalculatorTests.swift */; };
		FB2098F923CF33C000006EF5 /* SBApiClientProtocol.swift in Sources */ = {isa = PBXBuildFile; fileRef = FB2098F823CF33C000006EF5 /* SBApiClientProtocol.swift */; };
		FB2098FB23CF372C00006EF5 /* SBAlamofireApiClient.swift in Sources */ = {isa = PBXBuildFile; fileRef = FB2098FA23CF372C00006EF5 /* SBAlamofireApiClient.swift */; };
		FB2098FD23CF525200006EF5 /* String+Ext.swift in Sources */ = {isa = PBXBuildFile; fileRef = FB2098FC23CF525200006EF5 /* String+Ext.swift */; };
		FB2098FF23CF5F5700006EF5 /* StringExtTests.swift in Sources */ = {isa = PBXBuildFile; fileRef = FB2098FE23CF5F5700006EF5 /* StringExtTests.swift */; };
		FB2780E9261734CA007AD08A /* UserService.swift in Sources */ = {isa = PBXBuildFile; fileRef = FB2780E8261734CA007AD08A /* UserService.swift */; };
		FB2780ED26173C20007AD08A /* Animal.swift in Sources */ = {isa = PBXBuildFile; fileRef = FB2780EC26173C20007AD08A /* Animal.swift */; };
		FB2F4B4D282D39C90032B101 /* SBCollectionDataProvider+UIView.swift in Sources */ = {isa = PBXBuildFile; fileRef = FB2F4B4C282D39C90032B101 /* SBCollectionDataProvider+UIView.swift */; };
		FB2F4B4F282D3A240032B101 /* SBCollectionDataProvider+RxSwift.swift in Sources */ = {isa = PBXBuildFile; fileRef = FB2F4B4E282D3A240032B101 /* SBCollectionDataProvider+RxSwift.swift */; };
		FB326B39246C0C7100A821C4 /* SBDiffCalculator+RxSwift.swift in Sources */ = {isa = PBXBuildFile; fileRef = FB326B38246C0C7100A821C4 /* SBDiffCalculator+RxSwift.swift */; };
		FB3BFF4226E14D0600575911 /* SBBasePageController.swift in Sources */ = {isa = PBXBuildFile; fileRef = FB3BFF4126E14D0600575911 /* SBBasePageController.swift */; };
		FB3BFF4526E15E4D00575911 /* PagesMainViewModel.swift in Sources */ = {isa = PBXBuildFile; fileRef = FB3BFF4426E15E4D00575911 /* PagesMainViewModel.swift */; };
		FB3BFF4726E15E5A00575911 /* PagesMainController.swift in Sources */ = {isa = PBXBuildFile; fileRef = FB3BFF4626E15E5A00575911 /* PagesMainController.swift */; };
		FB3BFF4926E15ED800575911 /* PagesViewModel.swift in Sources */ = {isa = PBXBuildFile; fileRef = FB3BFF4826E15ED800575911 /* PagesViewModel.swift */; };
		FB3BFF4B26E15EE700575911 /* PagesController.swift in Sources */ = {isa = PBXBuildFile; fileRef = FB3BFF4A26E15EE700575911 /* PagesController.swift */; };
		FB3BFF4D26E15F4C00575911 /* PageViewModel.swift in Sources */ = {isa = PBXBuildFile; fileRef = FB3BFF4C26E15F4C00575911 /* PageViewModel.swift */; };
		FB3BFF4F26E15F5C00575911 /* PageController.swift in Sources */ = {isa = PBXBuildFile; fileRef = FB3BFF4E26E15F5C00575911 /* PageController.swift */; };
		FB3BFF5826E20BD600575911 /* StepPagesMainController.swift in Sources */ = {isa = PBXBuildFile; fileRef = FB3BFF5226E20BD600575911 /* StepPagesMainController.swift */; };
		FB3BFF5926E20BD600575911 /* StepPagesController.swift in Sources */ = {isa = PBXBuildFile; fileRef = FB3BFF5326E20BD600575911 /* StepPagesController.swift */; };
		FB3BFF5A26E20BD600575911 /* StepPageController.swift in Sources */ = {isa = PBXBuildFile; fileRef = FB3BFF5426E20BD600575911 /* StepPageController.swift */; };
		FB3BFF5B26E20BD600575911 /* StepPagesViewModel.swift in Sources */ = {isa = PBXBuildFile; fileRef = FB3BFF5526E20BD600575911 /* StepPagesViewModel.swift */; };
		FB3BFF5C26E20BD600575911 /* StepPagesMainViewModel.swift in Sources */ = {isa = PBXBuildFile; fileRef = FB3BFF5626E20BD600575911 /* StepPagesMainViewModel.swift */; };
		FB3BFF5D26E20BD600575911 /* StepPageViewModel.swift in Sources */ = {isa = PBXBuildFile; fileRef = FB3BFF5726E20BD600575911 /* StepPageViewModel.swift */; };
		FB43BE922538879200492795 /* Observable+Ext.swift in Sources */ = {isa = PBXBuildFile; fileRef = FB43BE912538879200492795 /* Observable+Ext.swift */; };
		FB4F009A25C9155F00DF06B9 /* MainViewModel.swift in Sources */ = {isa = PBXBuildFile; fileRef = FB4F009925C9155F00DF06B9 /* MainViewModel.swift */; };
		FB4F009E25C9156B00DF06B9 /* MainController.swift in Sources */ = {isa = PBXBuildFile; fileRef = FB4F009D25C9156B00DF06B9 /* MainController.swift */; };
		FB4F00A225C915A500DF06B9 /* ViewModel.swift in Sources */ = {isa = PBXBuildFile; fileRef = FB4F00A125C915A500DF06B9 /* ViewModel.swift */; };
		FB4F00A825C9164C00DF06B9 /* SBDefaultDowloadService.swift in Sources */ = {isa = PBXBuildFile; fileRef = FB4F00A725C9164C00DF06B9 /* SBDefaultDowloadService.swift */; };
		FB4F00AC25C9169F00DF06B9 /* SBDefaultUserService.swift in Sources */ = {isa = PBXBuildFile; fileRef = FB4F00AB25C9169F00DF06B9 /* SBDefaultUserService.swift */; };
		FB4F00B025C9172F00DF06B9 /* SBDefaultServiceFactory.swift in Sources */ = {isa = PBXBuildFile; fileRef = FB4F00AF25C9172F00DF06B9 /* SBDefaultServiceFactory.swift */; };
		FB692F09261730A600397E55 /* Inject.swift in Sources */ = {isa = PBXBuildFile; fileRef = FB692F08261730A600397E55 /* Inject.swift */; };
		FB692F0D261730B300397E55 /* ComponentsResolver.swift in Sources */ = {isa = PBXBuildFile; fileRef = FB692F0C261730B300397E55 /* ComponentsResolver.swift */; };
		FB692F11261730EE00397E55 /* SBIViewModel.swift in Sources */ = {isa = PBXBuildFile; fileRef = FB692F10261730EE00397E55 /* SBIViewModel.swift */; };
		FB692F172617325700397E55 /* SBIBaseVM.swift in Sources */ = {isa = PBXBuildFile; fileRef = FB692F162617325700397E55 /* SBIBaseVM.swift */; };
		FB692F1D2617341200397E55 /* CommonComponents.swift in Sources */ = {isa = PBXBuildFile; fileRef = FB692F1C2617341200397E55 /* CommonComponents.swift */; };
		FB692F232617344B00397E55 /* UserServiceProtocol.swift in Sources */ = {isa = PBXBuildFile; fileRef = FB692F222617344B00397E55 /* UserServiceProtocol.swift */; };
		FBDA8EEB287A02B2002A15EF /* CloseTop.storyboard in Resources */ = {isa = PBXBuildFile; fileRef = FBDA8EEA287A02B2002A15EF /* CloseTop.storyboard */; };
		FBDA8EEE287A0380002A15EF /* CloseTopController.swift in Sources */ = {isa = PBXBuildFile; fileRef = FBDA8EED287A0380002A15EF /* CloseTopController.swift */; };
		FBDA8F06287D905F002A15EF /* SwiftSOA-API.podspec in Resources */ = {isa = PBXBuildFile; fileRef = FBDA8F05287D905F002A15EF /* SwiftSOA-API.podspec */; };
		FBE2155F2812C47A002E29FC /* SBCollectionDataProvider.swift in Sources */ = {isa = PBXBuildFile; fileRef = FBE2155E2812C47A002E29FC /* SBCollectionDataProvider.swift */; };
/* End PBXBuildFile section */

/* Begin PBXContainerItemProxy section */
		FB061AF1230D39B300202907 /* PBXContainerItemProxy */ = {
			isa = PBXContainerItemProxy;
			containerPortal = FB061ADD230D39B200202907 /* Project object */;
			proxyType = 1;
			remoteGlobalIDString = FB061AE5230D39B300202907;
			remoteInfo = BaseMVVM;
		};
/* End PBXContainerItemProxy section */

/* Begin PBXFileReference section */
		5E3B1E9CC6DF31ADC3EB3131 /* Pods-BaseMVVMTests.debug.xcconfig */ = {isa = PBXFileReference; includeInIndex = 1; lastKnownFileType = text.xcconfig; name = "Pods-BaseMVVMTests.debug.xcconfig"; path = "Target Support Files/Pods-BaseMVVMTests/Pods-BaseMVVMTests.debug.xcconfig"; sourceTree = "<group>"; };
		98542F77A270387507298FFB /* Pods-BaseMVVM.debug.xcconfig */ = {isa = PBXFileReference; includeInIndex = 1; lastKnownFileType = text.xcconfig; name = "Pods-BaseMVVM.debug.xcconfig"; path = "Target Support Files/Pods-BaseMVVM/Pods-BaseMVVM.debug.xcconfig"; sourceTree = "<group>"; };
		BCE52BBA4C6C80C00411E235 /* Pods-BaseMVVMTests.release.xcconfig */ = {isa = PBXFileReference; includeInIndex = 1; lastKnownFileType = text.xcconfig; name = "Pods-BaseMVVMTests.release.xcconfig"; path = "Target Support Files/Pods-BaseMVVMTests/Pods-BaseMVVMTests.release.xcconfig"; sourceTree = "<group>"; };
		C3A1FAD8B598B366E7BD64E3 /* Pods_BaseMVVMTests.framework */ = {isa = PBXFileReference; explicitFileType = wrapper.framework; includeInIndex = 0; path = Pods_BaseMVVMTests.framework; sourceTree = BUILT_PRODUCTS_DIR; };
		CC73F19C218490FB9ADB4812 /* Pods_BaseMVVM.framework */ = {isa = PBXFileReference; explicitFileType = wrapper.framework; includeInIndex = 0; path = Pods_BaseMVVM.framework; sourceTree = BUILT_PRODUCTS_DIR; };
		E1EFABDFD4FCFA11D36601CC /* Pods-BaseMVVM.release.xcconfig */ = {isa = PBXFileReference; includeInIndex = 1; lastKnownFileType = text.xcconfig; name = "Pods-BaseMVVM.release.xcconfig"; path = "Target Support Files/Pods-BaseMVVM/Pods-BaseMVVM.release.xcconfig"; sourceTree = "<group>"; };
		FB01234B246BBF740020C7A9 /* Examples.app */ = {isa = PBXFileReference; explicitFileType = wrapper.application; includeInIndex = 0; path = Examples.app; sourceTree = BUILT_PRODUCTS_DIR; };
		FB01234D246BBF740020C7A9 /* AppDelegate.swift */ = {isa = PBXFileReference; lastKnownFileType = sourcecode.swift; path = AppDelegate.swift; sourceTree = "<group>"; };
		FB012351246BBF740020C7A9 /* DiffController.swift */ = {isa = PBXFileReference; lastKnownFileType = sourcecode.swift; path = DiffController.swift; sourceTree = "<group>"; };
		FB012354246BBF740020C7A9 /* Base */ = {isa = PBXFileReference; lastKnownFileType = file.storyboard; name = Base; path = Base.lproj/Main.storyboard; sourceTree = "<group>"; };
		FB012356246BBF750020C7A9 /* Assets.xcassets */ = {isa = PBXFileReference; lastKnownFileType = folder.assetcatalog; path = Assets.xcassets; sourceTree = "<group>"; };
		FB012359246BBF750020C7A9 /* Base */ = {isa = PBXFileReference; lastKnownFileType = file.storyboard; name = Base; path = Base.lproj/LaunchScreen.storyboard; sourceTree = "<group>"; };
		FB01235B246BBF750020C7A9 /* Info.plist */ = {isa = PBXFileReference; lastKnownFileType = text.plist.xml; path = Info.plist; sourceTree = "<group>"; };
		FB02A00D237EF7940042AE84 /* SBBaseTabBarController.swift */ = {isa = PBXFileReference; lastKnownFileType = sourcecode.swift; path = SBBaseTabBarController.swift; sourceTree = "<group>"; };
		FB061AE6230D39B300202907 /* BaseMVVM.framework */ = {isa = PBXFileReference; explicitFileType = wrapper.framework; includeInIndex = 0; path = BaseMVVM.framework; sourceTree = BUILT_PRODUCTS_DIR; };
		FB061AE9230D39B300202907 /* BaseMVVM.h */ = {isa = PBXFileReference; lastKnownFileType = sourcecode.c.h; path = BaseMVVM.h; sourceTree = "<group>"; };
		FB061AEA230D39B300202907 /* Info.plist */ = {isa = PBXFileReference; lastKnownFileType = text.plist.xml; path = Info.plist; sourceTree = "<group>"; };
		FB061AEF230D39B300202907 /* BaseMVVMTests.xctest */ = {isa = PBXFileReference; explicitFileType = wrapper.cfbundle; includeInIndex = 0; path = BaseMVVMTests.xctest; sourceTree = BUILT_PRODUCTS_DIR; };
		FB061AF4230D39B300202907 /* BaseMVVMTests.swift */ = {isa = PBXFileReference; lastKnownFileType = sourcecode.swift; path = BaseMVVMTests.swift; sourceTree = "<group>"; };
		FB061AF6230D39B300202907 /* Info.plist */ = {isa = PBXFileReference; lastKnownFileType = text.plist.xml; path = Info.plist; sourceTree = "<group>"; };
		FB061B03230D452300202907 /* SBBaseController.swift */ = {isa = PBXFileReference; fileEncoding = 4; lastKnownFileType = sourcecode.swift; path = SBBaseController.swift; sourceTree = "<group>"; };
		FB061B04230D452400202907 /* SBMVVMHolderProtocol.swift */ = {isa = PBXFileReference; fileEncoding = 4; lastKnownFileType = sourcecode.swift; path = SBMVVMHolderProtocol.swift; sourceTree = "<group>"; };
		FB061B05230D452400202907 /* SBBaseVM.swift */ = {isa = PBXFileReference; fileEncoding = 4; lastKnownFileType = sourcecode.swift; path = SBBaseVM.swift; sourceTree = "<group>"; };
		FB061B06230D452400202907 /* SBViewModel.swift */ = {isa = PBXFileReference; fileEncoding = 4; lastKnownFileType = sourcecode.swift; path = SBViewModel.swift; sourceTree = "<group>"; };
		FB061B07230D452400202907 /* SBBindUIProtocol.swift */ = {isa = PBXFileReference; fileEncoding = 4; lastKnownFileType = sourcecode.swift; path = SBBindUIProtocol.swift; sourceTree = "<group>"; };
		FB061B08230D452400202907 /* SBPreloaderController.swift */ = {isa = PBXFileReference; fileEncoding = 4; lastKnownFileType = sourcecode.swift; path = SBPreloaderController.swift; sourceTree = "<group>"; };
		FB061B09230D452400202907 /* SBNavigationController.swift */ = {isa = PBXFileReference; fileEncoding = 4; lastKnownFileType = sourcecode.swift; path = SBNavigationController.swift; sourceTree = "<group>"; };
		FB061B0A230D452400202907 /* SBBaseTableController.swift */ = {isa = PBXFileReference; fileEncoding = 4; lastKnownFileType = sourcecode.swift; path = SBBaseTableController.swift; sourceTree = "<group>"; };
		FB061B0B230D452400202907 /* SBBindProtocol.swift */ = {isa = PBXFileReference; fileEncoding = 4; lastKnownFileType = sourcecode.swift; path = SBBindProtocol.swift; sourceTree = "<group>"; };
		FB061B0C230D452400202907 /* SBMVVMHolderUIBase.swift */ = {isa = PBXFileReference; fileEncoding = 4; lastKnownFileType = sourcecode.swift; path = SBMVVMHolderUIBase.swift; sourceTree = "<group>"; };
		FB061B17230D45B300202907 /* Podfile */ = {isa = PBXFileReference; fileEncoding = 4; lastKnownFileType = text; path = Podfile; sourceTree = SOURCE_ROOT; };
		FB061B19230D460600202907 /* SBPreloaderView.swift */ = {isa = PBXFileReference; fileEncoding = 4; lastKnownFileType = sourcecode.swift; path = SBPreloaderView.swift; sourceTree = "<group>"; };
		FB061B1B230D460F00202907 /* UIAlertController+Ext.swift */ = {isa = PBXFileReference; fileEncoding = 4; lastKnownFileType = sourcecode.swift; path = "UIAlertController+Ext.swift"; sourceTree = "<group>"; };
		FB061B1D230D46E200202907 /* SBServiceFactoryProtocol.swift */ = {isa = PBXFileReference; lastKnownFileType = sourcecode.swift; path = SBServiceFactoryProtocol.swift; sourceTree = "<group>"; };
		FB061B1F230D4CCE00202907 /* SBServiceViewModel.swift */ = {isa = PBXFileReference; lastKnownFileType = sourcecode.swift; path = SBServiceViewModel.swift; sourceTree = "<group>"; };
		FB061B21230D4E1600202907 /* SBAuthUserServiceProtocol.swift */ = {isa = PBXFileReference; lastKnownFileType = sourcecode.swift; path = SBAuthUserServiceProtocol.swift; sourceTree = "<group>"; };
		FB061B25230D519800202907 /* UIViewController+Ext.swift */ = {isa = PBXFileReference; lastKnownFileType = sourcecode.swift; path = "UIViewController+Ext.swift"; sourceTree = "<group>"; };
		FB061B2A230D53B500202907 /* ru */ = {isa = PBXFileReference; lastKnownFileType = text.plist.strings; name = ru; path = ru.lproj/Localizable.strings; sourceTree = "<group>"; };
		FB061B2C230D53C200202907 /* en */ = {isa = PBXFileReference; lastKnownFileType = text.plist.strings; name = en; path = en.lproj/Localizable.strings; sourceTree = "<group>"; };
		FB061B2D230D54AB00202907 /* Preloader.storyboard */ = {isa = PBXFileReference; lastKnownFileType = file.storyboard; path = Preloader.storyboard; sourceTree = "<group>"; };
		FB061B2F230D55C700202907 /* SBDowloadServiceProtocol.swift */ = {isa = PBXFileReference; lastKnownFileType = sourcecode.swift; path = SBDowloadServiceProtocol.swift; sourceTree = "<group>"; };
		FB061B31230D57F800202907 /* SBServiceBaseVM.swift */ = {isa = PBXFileReference; lastKnownFileType = sourcecode.swift; path = SBServiceBaseVM.swift; sourceTree = "<group>"; };
		FB061B35230D8A9100202907 /* SwiftMVVM-Rx-SOA.podspec */ = {isa = PBXFileReference; fileEncoding = 4; lastKnownFileType = text; path = "SwiftMVVM-Rx-SOA.podspec"; sourceTree = SOURCE_ROOT; };
		FB0C0FF12BBE8F2A003947C0 /* PrivacyInfo.xcprivacy */ = {isa = PBXFileReference; lastKnownFileType = text.xml; path = PrivacyInfo.xcprivacy; sourceTree = "<group>"; };
		FB116F2223CDC3D30038B698 /* Dictionary+Ext.swift */ = {isa = PBXFileReference; lastKnownFileType = sourcecode.swift; path = "Dictionary+Ext.swift"; sourceTree = "<group>"; };
		FB116F2423CDCA7B0038B698 /* DictionaryExtTests.swift */ = {isa = PBXFileReference; lastKnownFileType = sourcecode.swift; path = DictionaryExtTests.swift; sourceTree = "<group>"; };
		FB15276B28C092FF00209083 /* ReverseController.swift */ = {isa = PBXFileReference; lastKnownFileType = sourcecode.swift; path = ReverseController.swift; sourceTree = "<group>"; };
		FB1ED59B246B901800A9B39E /* SBDiffCalculator.swift */ = {isa = PBXFileReference; lastKnownFileType = sourcecode.swift; path = SBDiffCalculator.swift; sourceTree = "<group>"; };
		FB1ED59D246BA16500A9B39E /* SBDiffCalculator+UIView.swift */ = {isa = PBXFileReference; lastKnownFileType = sourcecode.swift; path = "SBDiffCalculator+UIView.swift"; sourceTree = "<group>"; };
		FB1ED59F246BA5D400A9B39E /* SBDiffCalculatorTests.swift */ = {isa = PBXFileReference; lastKnownFileType = sourcecode.swift; path = SBDiffCalculatorTests.swift; sourceTree = "<group>"; };
		FB2098F823CF33C000006EF5 /* SBApiClientProtocol.swift */ = {isa = PBXFileReference; lastKnownFileType = sourcecode.swift; path = SBApiClientProtocol.swift; sourceTree = "<group>"; };
		FB2098FA23CF372C00006EF5 /* SBAlamofireApiClient.swift */ = {isa = PBXFileReference; lastKnownFileType = sourcecode.swift; path = SBAlamofireApiClient.swift; sourceTree = "<group>"; };
		FB2098FC23CF525200006EF5 /* String+Ext.swift */ = {isa = PBXFileReference; lastKnownFileType = sourcecode.swift; path = "String+Ext.swift"; sourceTree = "<group>"; };
		FB2098FE23CF5F5700006EF5 /* StringExtTests.swift */ = {isa = PBXFileReference; lastKnownFileType = sourcecode.swift; path = StringExtTests.swift; sourceTree = "<group>"; };
		FB2780E8261734CA007AD08A /* UserService.swift */ = {isa = PBXFileReference; lastKnownFileType = sourcecode.swift; path = UserService.swift; sourceTree = "<group>"; };
		FB2780EC26173C20007AD08A /* Animal.swift */ = {isa = PBXFileReference; lastKnownFileType = sourcecode.swift; path = Animal.swift; sourceTree = "<group>"; };
		FB2F4B4C282D39C90032B101 /* SBCollectionDataProvider+UIView.swift */ = {isa = PBXFileReference; lastKnownFileType = sourcecode.swift; path = "SBCollectionDataProvider+UIView.swift"; sourceTree = "<group>"; };
		FB2F4B4E282D3A240032B101 /* SBCollectionDataProvider+RxSwift.swift */ = {isa = PBXFileReference; lastKnownFileType = sourcecode.swift; path = "SBCollectionDataProvider+RxSwift.swift"; sourceTree = "<group>"; };
		FB326B38246C0C7100A821C4 /* SBDiffCalculator+RxSwift.swift */ = {isa = PBXFileReference; lastKnownFileType = sourcecode.swift; path = "SBDiffCalculator+RxSwift.swift"; sourceTree = "<group>"; };
		FB3BFF4126E14D0600575911 /* SBBasePageController.swift */ = {isa = PBXFileReference; lastKnownFileType = sourcecode.swift; path = SBBasePageController.swift; sourceTree = "<group>"; };
		FB3BFF4426E15E4D00575911 /* PagesMainViewModel.swift */ = {isa = PBXFileReference; lastKnownFileType = sourcecode.swift; path = PagesMainViewModel.swift; sourceTree = "<group>"; };
		FB3BFF4626E15E5A00575911 /* PagesMainController.swift */ = {isa = PBXFileReference; lastKnownFileType = sourcecode.swift; path = PagesMainController.swift; sourceTree = "<group>"; };
		FB3BFF4826E15ED800575911 /* PagesViewModel.swift */ = {isa = PBXFileReference; lastKnownFileType = sourcecode.swift; path = PagesViewModel.swift; sourceTree = "<group>"; };
		FB3BFF4A26E15EE700575911 /* PagesController.swift */ = {isa = PBXFileReference; lastKnownFileType = sourcecode.swift; path = PagesController.swift; sourceTree = "<group>"; };
		FB3BFF4C26E15F4C00575911 /* PageViewModel.swift */ = {isa = PBXFileReference; lastKnownFileType = sourcecode.swift; path = PageViewModel.swift; sourceTree = "<group>"; };
		FB3BFF4E26E15F5C00575911 /* PageController.swift */ = {isa = PBXFileReference; lastKnownFileType = sourcecode.swift; path = PageController.swift; sourceTree = "<group>"; };
		FB3BFF5226E20BD600575911 /* StepPagesMainController.swift */ = {isa = PBXFileReference; fileEncoding = 4; lastKnownFileType = sourcecode.swift; path = StepPagesMainController.swift; sourceTree = "<group>"; };
		FB3BFF5326E20BD600575911 /* StepPagesController.swift */ = {isa = PBXFileReference; fileEncoding = 4; lastKnownFileType = sourcecode.swift; path = StepPagesController.swift; sourceTree = "<group>"; };
		FB3BFF5426E20BD600575911 /* StepPageController.swift */ = {isa = PBXFileReference; fileEncoding = 4; lastKnownFileType = sourcecode.swift; path = StepPageController.swift; sourceTree = "<group>"; };
		FB3BFF5526E20BD600575911 /* StepPagesViewModel.swift */ = {isa = PBXFileReference; fileEncoding = 4; lastKnownFileType = sourcecode.swift; path = StepPagesViewModel.swift; sourceTree = "<group>"; };
		FB3BFF5626E20BD600575911 /* StepPagesMainViewModel.swift */ = {isa = PBXFileReference; fileEncoding = 4; lastKnownFileType = sourcecode.swift; path = StepPagesMainViewModel.swift; sourceTree = "<group>"; };
		FB3BFF5726E20BD600575911 /* StepPageViewModel.swift */ = {isa = PBXFileReference; fileEncoding = 4; lastKnownFileType = sourcecode.swift; path = StepPageViewModel.swift; sourceTree = "<group>"; };
		FB43BE912538879200492795 /* Observable+Ext.swift */ = {isa = PBXFileReference; lastKnownFileType = sourcecode.swift; path = "Observable+Ext.swift"; sourceTree = "<group>"; };
		FB4F009925C9155F00DF06B9 /* MainViewModel.swift */ = {isa = PBXFileReference; lastKnownFileType = sourcecode.swift; path = MainViewModel.swift; sourceTree = "<group>"; };
		FB4F009D25C9156B00DF06B9 /* MainController.swift */ = {isa = PBXFileReference; lastKnownFileType = sourcecode.swift; path = MainController.swift; sourceTree = "<group>"; };
		FB4F00A125C915A500DF06B9 /* ViewModel.swift */ = {isa = PBXFileReference; lastKnownFileType = sourcecode.swift; path = ViewModel.swift; sourceTree = "<group>"; };
		FB4F00A725C9164C00DF06B9 /* SBDefaultDowloadService.swift */ = {isa = PBXFileReference; lastKnownFileType = sourcecode.swift; path = SBDefaultDowloadService.swift; sourceTree = "<group>"; };
		FB4F00AB25C9169F00DF06B9 /* SBDefaultUserService.swift */ = {isa = PBXFileReference; lastKnownFileType = sourcecode.swift; path = SBDefaultUserService.swift; sourceTree = "<group>"; };
		FB4F00AF25C9172F00DF06B9 /* SBDefaultServiceFactory.swift */ = {isa = PBXFileReference; lastKnownFileType = sourcecode.swift; path = SBDefaultServiceFactory.swift; sourceTree = "<group>"; };
		FB692F08261730A600397E55 /* Inject.swift */ = {isa = PBXFileReference; lastKnownFileType = sourcecode.swift; path = Inject.swift; sourceTree = "<group>"; };
		FB692F0C261730B300397E55 /* ComponentsResolver.swift */ = {isa = PBXFileReference; lastKnownFileType = sourcecode.swift; path = ComponentsResolver.swift; sourceTree = "<group>"; };
		FB692F10261730EE00397E55 /* SBIViewModel.swift */ = {isa = PBXFileReference; lastKnownFileType = sourcecode.swift; path = SBIViewModel.swift; sourceTree = "<group>"; };
		FB692F162617325700397E55 /* SBIBaseVM.swift */ = {isa = PBXFileReference; lastKnownFileType = sourcecode.swift; path = SBIBaseVM.swift; sourceTree = "<group>"; };
		FB692F1C2617341200397E55 /* CommonComponents.swift */ = {isa = PBXFileReference; lastKnownFileType = sourcecode.swift; path = CommonComponents.swift; sourceTree = "<group>"; };
		FB692F222617344B00397E55 /* UserServiceProtocol.swift */ = {isa = PBXFileReference; lastKnownFileType = sourcecode.swift; path = UserServiceProtocol.swift; sourceTree = "<group>"; };
		FB7F923A2F87A31B008117B0 /* Package.swift */ = {isa = PBXFileReference; lastKnownFileType = sourcecode.swift; path = Package.swift; sourceTree = "<group>"; };
		FBDA8EEA287A02B2002A15EF /* CloseTop.storyboard */ = {isa = PBXFileReference; lastKnownFileType = file.storyboard; path = CloseTop.storyboard; sourceTree = "<group>"; };
		FBDA8EED287A0380002A15EF /* CloseTopController.swift */ = {isa = PBXFileReference; lastKnownFileType = sourcecode.swift; path = CloseTopController.swift; sourceTree = "<group>"; };
		FBDA8F05287D905F002A15EF /* SwiftSOA-API.podspec */ = {isa = PBXFileReference; lastKnownFileType = text; path = "SwiftSOA-API.podspec"; sourceTree = SOURCE_ROOT; };
		FBE2155E2812C47A002E29FC /* SBCollectionDataProvider.swift */ = {isa = PBXFileReference; lastKnownFileType = sourcecode.swift; path = SBCollectionDataProvider.swift; sourceTree = "<group>"; };
/* End PBXFileReference section */

/* Begin PBXFrameworksBuildPhase section */
		FB012348246BBF740020C7A9 /* Frameworks */ = {
			isa = PBXFrameworksBuildPhase;
			buildActionMask = 2147483647;
			files = (
				35C0A0012F87C7E1008117B0 /* BaseMVVM in Frameworks */,
				35C0A0032F87C7E1008117B0 /* RxRelay in Frameworks */,
				35C0A0052F87C7E1008117B0 /* RxSwift in Frameworks */,
			);
			runOnlyForDeploymentPostprocessing = 0;
		};
		FB061AE3230D39B300202907 /* Frameworks */ = {
			isa = PBXFrameworksBuildPhase;
			buildActionMask = 2147483647;
			files = (
				50B7EA79C2D2A151AA95D941 /* Pods_BaseMVVM.framework in Frameworks */,
			);
			runOnlyForDeploymentPostprocessing = 0;
		};
		FB061AEC230D39B300202907 /* Frameworks */ = {
			isa = PBXFrameworksBuildPhase;
			buildActionMask = 2147483647;
			files = (
				FB061AF0230D39B300202907 /* BaseMVVM.framework in Frameworks */,
				83F4B333EE214A2F5F1A0237 /* Pods_BaseMVVMTests.framework in Frameworks */,
			);
			runOnlyForDeploymentPostprocessing = 0;
		};
/* End PBXFrameworksBuildPhase section */

/* Begin PBXGroup section */
		51B91CC9A791EA25BA408B03 /* Pods */ = {
			isa = PBXGroup;
			children = (
				98542F77A270387507298FFB /* Pods-BaseMVVM.debug.xcconfig */,
				E1EFABDFD4FCFA11D36601CC /* Pods-BaseMVVM.release.xcconfig */,
				5E3B1E9CC6DF31ADC3EB3131 /* Pods-BaseMVVMTests.debug.xcconfig */,
				BCE52BBA4C6C80C00411E235 /* Pods-BaseMVVMTests.release.xcconfig */,
			);
			path = Pods;
			sourceTree = "<group>";
		};
		D315F883FFED183CCD255D52 /* Frameworks */ = {
			isa = PBXGroup;
			children = (
				CC73F19C218490FB9ADB4812 /* Pods_BaseMVVM.framework */,
				C3A1FAD8B598B366E7BD64E3 /* Pods_BaseMVVMTests.framework */,
			);
			name = Frameworks;
			sourceTree = "<group>";
		};
		FB01234C246BBF740020C7A9 /* Examples */ = {
			isa = PBXGroup;
			children = (
				FBDA8EEC287A036D002A15EF /* CloseTop */,
				FB3BFF5126E20B8C00575911 /* StepPage */,
				FB3BFF4326E15E2900575911 /* Page */,
				FB692F262617344F00397E55 /* Services */,
				FB2780EC26173C20007AD08A /* Animal.swift */,
				FB692F1C2617341200397E55 /* CommonComponents.swift */,
				FB01234D246BBF740020C7A9 /* AppDelegate.swift */,
				FB012351246BBF740020C7A9 /* DiffController.swift */,
				FB012353246BBF740020C7A9 /* Main.storyboard */,
				FB012356246BBF750020C7A9 /* Assets.xcassets */,
				FB012358246BBF750020C7A9 /* LaunchScreen.storyboard */,
				FB01235B246BBF750020C7A9 /* Info.plist */,
				FB4F00A125C915A500DF06B9 /* ViewModel.swift */,
				FB4F009925C9155F00DF06B9 /* MainViewModel.swift */,
				FB4F009D25C9156B00DF06B9 /* MainController.swift */,
				FB15276B28C092FF00209083 /* ReverseController.swift */,
			);
			path = Examples;
			sourceTree = "<group>";
		};
		FB061ADC230D39B200202907 = {
			isa = PBXGroup;
			children = (
				FB7F923A2F87A31B008117B0 /* Package.swift */,
				FB061AE8230D39B300202907 /* BaseMVVM */,
				FB061AF3230D39B300202907 /* BaseMVVMTests */,
				FB01234C246BBF740020C7A9 /* Examples */,
				FB061AE7230D39B300202907 /* Products */,
				51B91CC9A791EA25BA408B03 /* Pods */,
				D315F883FFED183CCD255D52 /* Frameworks */,
			);
			sourceTree = "<group>";
		};
		FB061AE7230D39B300202907 /* Products */ = {
			isa = PBXGroup;
			children = (
				FB061AE6230D39B300202907 /* BaseMVVM.framework */,
				FB061AEF230D39B300202907 /* BaseMVVMTests.xctest */,
				FB01234B246BBF740020C7A9 /* Examples.app */,
			);
			name = Products;
			sourceTree = "<group>";
		};
		FB061AE8230D39B300202907 /* BaseMVVM */ = {
			isa = PBXGroup;
			children = (
				FBDA8F05287D905F002A15EF /* SwiftSOA-API.podspec */,
				FB061B35230D8A9100202907 /* SwiftMVVM-Rx-SOA.podspec */,
				FB061B17230D45B300202907 /* Podfile */,
				FB692F072617309400397E55 /* DI */,
				FB1ED59A246B8F5D00A9B39E /* Diff */,
				FB061B01230D3DEE00202907 /* Ext */,
				FBDA8F07287D9622002A15EF /* UIExt */,
				FB2098F723CF339B00006EF5 /* Repository */,
				FB061B33230D58EC00202907 /* Service */,
				FB061B02230D3DF700202907 /* Components */,
				FB061B34230D590200202907 /* UI */,
				FB061B0B230D452400202907 /* SBBindProtocol.swift */,
				FB061B07230D452400202907 /* SBBindUIProtocol.swift */,
				FB061B06230D452400202907 /* SBViewModel.swift */,
				FB061B1F230D4CCE00202907 /* SBServiceViewModel.swift */,
				FB692F10261730EE00397E55 /* SBIViewModel.swift */,
				FB061B05230D452400202907 /* SBBaseVM.swift */,
				FB061B31230D57F800202907 /* SBServiceBaseVM.swift */,
				FB692F162617325700397E55 /* SBIBaseVM.swift */,
				FB061B04230D452400202907 /* SBMVVMHolderProtocol.swift */,
				FB061B0C230D452400202907 /* SBMVVMHolderUIBase.swift */,
				FB061AE9230D39B300202907 /* BaseMVVM.h */,
				FB061AEA230D39B300202907 /* Info.plist */,
				FB061B2B230D53B500202907 /* Localizable.strings */,
				FB0C0FF12BBE8F2A003947C0 /* PrivacyInfo.xcprivacy */,
			);
			path = BaseMVVM;
			sourceTree = "<group>";
		};
		FB061AF3230D39B300202907 /* BaseMVVMTests */ = {
			isa = PBXGroup;
			children = (
				FB061AF4230D39B300202907 /* BaseMVVMTests.swift */,
				FB061AF6230D39B300202907 /* Info.plist */,
				FB116F2423CDCA7B0038B698 /* DictionaryExtTests.swift */,
				FB2098FE23CF5F5700006EF5 /* StringExtTests.swift */,
				FB1ED59F246BA5D400A9B39E /* SBDiffCalculatorTests.swift */,
			);
			path = BaseMVVMTests;
			sourceTree = "<group>";
		};
		FB061B01230D3DEE00202907 /* Ext */ = {
			isa = PBXGroup;
			children = (
				FB2098FC23CF525200006EF5 /* String+Ext.swift */,
				FB116F2223CDC3D30038B698 /* Dictionary+Ext.swift */,
				FB43BE912538879200492795 /* Observable+Ext.swift */,
			);
			path = Ext;
			sourceTree = "<group>";
		};
		FB061B02230D3DF700202907 /* Components */ = {
			isa = PBXGroup;
			children = (
				FB061B19230D460600202907 /* SBPreloaderView.swift */,
			);
			path = Components;
			sourceTree = "<group>";
		};
		FB061B33230D58EC00202907 /* Service */ = {
			isa = PBXGroup;
			children = (
				FB061B1D230D46E200202907 /* SBServiceFactoryProtocol.swift */,
				FB4F00AF25C9172F00DF06B9 /* SBDefaultServiceFactory.swift */,
				FB061B21230D4E1600202907 /* SBAuthUserServiceProtocol.swift */,
				FB4F00AB25C9169F00DF06B9 /* SBDefaultUserService.swift */,
				FB061B2F230D55C700202907 /* SBDowloadServiceProtocol.swift */,
				FB4F00A725C9164C00DF06B9 /* SBDefaultDowloadService.swift */,
			);
			path = Service;
			sourceTree = "<group>";
		};
		FB061B34230D590200202907 /* UI */ = {
			isa = PBXGroup;
			children = (
				FB061B2D230D54AB00202907 /* Preloader.storyboard */,
				FB061B09230D452400202907 /* SBNavigationController.swift */,
				FB061B03230D452300202907 /* SBBaseController.swift */,
				FB061B0A230D452400202907 /* SBBaseTableController.swift */,
				FB02A00D237EF7940042AE84 /* SBBaseTabBarController.swift */,
				FB3BFF4126E14D0600575911 /* SBBasePageController.swift */,
				FB061B08230D452400202907 /* SBPreloaderController.swift */,
			);
			path = UI;
			sourceTree = "<group>";
		};
		FB1ED59A246B8F5D00A9B39E /* Diff */ = {
			isa = PBXGroup;
			children = (
				FB1ED59B246B901800A9B39E /* SBDiffCalculator.swift */,
				FB1ED59D246BA16500A9B39E /* SBDiffCalculator+UIView.swift */,
				FB326B38246C0C7100A821C4 /* SBDiffCalculator+RxSwift.swift */,
				FBE2155E2812C47A002E29FC /* SBCollectionDataProvider.swift */,
				FB2F4B4C282D39C90032B101 /* SBCollectionDataProvider+UIView.swift */,
				FB2F4B4E282D3A240032B101 /* SBCollectionDataProvider+RxSwift.swift */,
			);
			path = Diff;
			sourceTree = "<group>";
		};
		FB2098F723CF339B00006EF5 /* Repository */ = {
			isa = PBXGroup;
			children = (
				FB2098F823CF33C000006EF5 /* SBApiClientProtocol.swift */,
				FB2098FA23CF372C00006EF5 /* SBAlamofireApiClient.swift */,
			);
			path = Repository;
			sourceTree = "<group>";
		};
		FB3BFF4326E15E2900575911 /* Page */ = {
			isa = PBXGroup;
			children = (
				FB3BFF4426E15E4D00575911 /* PagesMainViewModel.swift */,
				FB3BFF4626E15E5A00575911 /* PagesMainController.swift */,
				FB3BFF4826E15ED800575911 /* PagesViewModel.swift */,
				FB3BFF4A26E15EE700575911 /* PagesController.swift */,
				FB3BFF4C26E15F4C00575911 /* PageViewModel.swift */,
				FB3BFF4E26E15F5C00575911 /* PageController.swift */,
			);
			path = Page;
			sourceTree = "<group>";
		};
		FB3BFF5126E20B8C00575911 /* StepPage */ = {
			isa = PBXGroup;
			children = (
				FB3BFF5626E20BD600575911 /* StepPagesMainViewModel.swift */,
				FB3BFF5226E20BD600575911 /* StepPagesMainController.swift */,
				FB3BFF5526E20BD600575911 /* StepPagesViewModel.swift */,
				FB3BFF5326E20BD600575911 /* StepPagesController.swift */,
				FB3BFF5726E20BD600575911 /* StepPageViewModel.swift */,
				FB3BFF5426E20BD600575911 /* StepPageController.swift */,
			);
			path = StepPage;
			sourceTree = "<group>";
		};
		FB692F072617309400397E55 /* DI */ = {
			isa = PBXGroup;
			children = (
				FB692F08261730A600397E55 /* Inject.swift */,
				FB692F0C261730B300397E55 /* ComponentsResolver.swift */,
			);
			path = DI;
			sourceTree = "<group>";
		};
		FB692F262617344F00397E55 /* Services */ = {
			isa = PBXGroup;
			children = (
				FB692F222617344B00397E55 /* UserServiceProtocol.swift */,
				FB2780E8261734CA007AD08A /* UserService.swift */,
			);
			path = Services;
			sourceTree = "<group>";
		};
		FBDA8EEC287A036D002A15EF /* CloseTop */ = {
			isa = PBXGroup;
			children = (
				FBDA8EEA287A02B2002A15EF /* CloseTop.storyboard */,
				FBDA8EED287A0380002A15EF /* CloseTopController.swift */,
			);
			path = CloseTop;
			sourceTree = "<group>";
		};
		FBDA8F07287D9622002A15EF /* UIExt */ = {
			isa = PBXGroup;
			children = (
				FB061B1B230D460F00202907 /* UIAlertController+Ext.swift */,
				FB061B25230D519800202907 /* UIViewController+Ext.swift */,
			);
			path = UIExt;
			sourceTree = "<group>";
		};
/* End PBXGroup section */

/* Begin PBXHeadersBuildPhase section */
		FB061AE1230D39B300202907 /* Headers */ = {
			isa = PBXHeadersBuildPhase;
			buildActionMask = 2147483647;
			files = (
				FB061AF7230D39B300202907 /* BaseMVVM.h in Headers */,
			);
			runOnlyForDeploymentPostprocessing = 0;
		};
/* End PBXHeadersBuildPhase section */

/* Begin PBXNativeTarget section */
		FB01234A246BBF740020C7A9 /* Examples */ = {
			isa = PBXNativeTarget;
			buildConfigurationList = FB01235E246BBF750020C7A9 /* Build configuration list for PBXNativeTarget "Examples" */;
			buildPhases = (
				FB012347246BBF740020C7A9 /* Sources */,
				FB012348246BBF740020C7A9 /* Frameworks */,
				FB012349246BBF740020C7A9 /* Resources */,
			);
			buildRules = (
			);
			dependencies = (
			);
			name = Examples;
			packageProductDependencies = (
				35C0A0002F87C7E1008117B0 /* BaseMVVM */,
				35C0A0022F87C7E1008117B0 /* RxRelay */,
				35C0A0042F87C7E1008117B0 /* RxSwift */,
			);
			productName = Examples;
			productReference = FB01234B246BBF740020C7A9 /* Examples.app */;
			productType = "com.apple.product-type.application";
		};
		FB061AE5230D39B300202907 /* BaseMVVM */ = {
			isa = PBXNativeTarget;
			buildConfigurationList = FB061AFA230D39B300202907 /* Build configuration list for PBXNativeTarget "BaseMVVM" */;
			buildPhases = (
				F7DDCFFE169664A56731C776 /* [CP] Check Pods Manifest.lock */,
				FB061AE1230D39B300202907 /* Headers */,
				FB061AE2230D39B300202907 /* Sources */,
				FB061AE3230D39B300202907 /* Frameworks */,
				FB061AE4230D39B300202907 /* Resources */,
			);
			buildRules = (
			);
			dependencies = (
			);
			name = BaseMVVM;
			productName = BaseMVVM;
			productReference = FB061AE6230D39B300202907 /* BaseMVVM.framework */;
			productType = "com.apple.product-type.framework";
		};
		FB061AEE230D39B300202907 /* BaseMVVMTests */ = {
			isa = PBXNativeTarget;
			buildConfigurationList = FB061AFD230D39B300202907 /* Build configuration list for PBXNativeTarget "BaseMVVMTests" */;
			buildPhases = (
				11813BFF8A6F9747891309F1 /* [CP] Check Pods Manifest.lock */,
				FB061AEB230D39B300202907 /* Sources */,
				FB061AEC230D39B300202907 /* Frameworks */,
				FB061AED230D39B300202907 /* Resources */,
				2B4A8F203260756C4E586D1A /* [CP] Embed Pods Frameworks */,
			);
			buildRules = (
			);
			dependencies = (
				FB061AF2230D39B300202907 /* PBXTargetDependency */,
			);
			name = BaseMVVMTests;
			productName = BaseMVVMTests;
			productReference = FB061AEF230D39B300202907 /* BaseMVVMTests.xctest */;
			productType = "com.apple.product-type.bundle.unit-test";
		};
/* End PBXNativeTarget section */

/* Begin PBXProject section */
		FB061ADD230D39B200202907 /* Project object */ = {
			isa = PBXProject;
			attributes = {
				LastSwiftUpdateCheck = 1130;
				LastUpgradeCheck = 1030;
				ORGANIZATIONNAME = "ALEXEY ABDULIN";
				TargetAttributes = {
					FB01234A246BBF740020C7A9 = {
						CreatedOnToolsVersion = 11.3.1;
					};
					FB061AE5230D39B300202907 = {
						CreatedOnToolsVersion = 10.3;
						LastSwiftMigration = 1030;
					};
					FB061AEE230D39B300202907 = {
						CreatedOnToolsVersion = 10.3;
					};
				};
			};
			buildConfigurationList = FB061AE0230D39B200202907 /* Build configuration list for PBXProject "BaseMVVM" */;
			compatibilityVersion = "Xcode 9.3";
			developmentRegion = en;
			hasScannedForEncodings = 0;
			knownRegions = (
				en,
				ru,
				Base,
			);
			mainGroup = FB061ADC230D39B200202907;
			packageReferences = (
				35C0A0062F87C7E1008117B0 /* XCLocalSwiftPackageReference "." */,
				35C0A0072F87C7E1008117B0 /* XCRemoteSwiftPackageReference "RxSwift" */,
			);
			productRefGroup = FB061AE7230D39B300202907 /* Products */;
			projectDirPath = "";
			projectRoot = "";
			targets = (
				FB061AE5230D39B300202907 /* BaseMVVM */,
				FB061AEE230D39B300202907 /* BaseMVVMTests */,
				FB01234A246BBF740020C7A9 /* Examples */,
			);
		};
/* End PBXProject section */

/* Begin PBXResourcesBuildPhase section */
		FB012349246BBF740020C7A9 /* Resources */ = {
			isa = PBXResourcesBuildPhase;
			buildActionMask = 2147483647;
			files = (
				FB01235A246BBF750020C7A9 /* LaunchScreen.storyboard in Resources */,
				FB012357246BBF750020C7A9 /* Assets.xcassets in Resources */,
				FB012355246BBF740020C7A9 /* Main.storyboard in Resources */,
				FBDA8EEB287A02B2002A15EF /* CloseTop.storyboard in Resources */,
			);
			runOnlyForDeploymentPostprocessing = 0;
		};
		FB061AE4230D39B300202907 /* Resources */ = {
			isa = PBXResourcesBuildPhase;
			buildActionMask = 2147483647;
			files = (
				FB0C0FF22BBE8F2A003947C0 /* PrivacyInfo.xcprivacy in Resources */,
				FBDA8F06287D905F002A15EF /* SwiftSOA-API.podspec in Resources */,
				FB061B18230D45B300202907 /* Podfile in Resources */,
				FB061B29230D53B500202907 /* Localizable.strings in Resources */,
				FB061B36230D8A9200202907 /* SwiftMVVM-Rx-SOA.podspec in Resources */,
				FB061B2E230D54AB00202907 /* Preloader.storyboard in Resources */,
			);
			runOnlyForDeploymentPostprocessing = 0;
		};
		FB061AED230D39B300202907 /* Resources */ = {
			isa = PBXResourcesBuildPhase;
			buildActionMask = 2147483647;
			files = (
			);
			runOnlyForDeploymentPostprocessing = 0;
		};
/* End PBXResourcesBuildPhase section */

/* Begin PBXShellScriptBuildPhase section */
		11813BFF8A6F9747891309F1 /* [CP] Check Pods Manifest.lock */ = {
			isa = PBXShellScriptBuildPhase;
			buildActionMask = 2147483647;
			files = (
			);
			inputFileListPaths = (
			);
			inputPaths = (
				"${PODS_PODFILE_DIR_PATH}/Podfile.lock",
				"${PODS_ROOT}/Manifest.lock",
			);
			name = "[CP] Check Pods Manifest.lock";
			outputFileListPaths = (
			);
			outputPaths = (
				"$(DERIVED_FILE_DIR)/Pods-BaseMVVMTests-checkManifestLockResult.txt",
			);
			runOnlyForDeploymentPostprocessing = 0;
			shellPath = /bin/sh;
			shellScript = "diff \"${PODS_PODFILE_DIR_PATH}/Podfile.lock\" \"${PODS_ROOT}/Manifest.lock\" > /dev/null\nif [ $? != 0 ] ; then\n    # print error to STDERR\n    echo \"error: The sandbox is not in sync with the Podfile.lock. Run 'pod install' or update your CocoaPods installation.\" >&2\n    exit 1\nfi\n# This output is used by Xcode 'outputs' to avoid re-running this script phase.\necho \"SUCCESS\" > \"${SCRIPT_OUTPUT_FILE_0}\"\n";
			showEnvVarsInLog = 0;
		};
		2B4A8F203260756C4E586D1A /* [CP] Embed Pods Frameworks */ = {
			isa = PBXShellScriptBuildPhase;
			buildActionMask = 2147483647;
			files = (
			);
			inputFileListPaths = (
				"${PODS_ROOT}/Target Support Files/Pods-BaseMVVMTests/Pods-BaseMVVMTests-frameworks-${CONFIGURATION}-input-files.xcfilelist",
			);
			name = "[CP] Embed Pods Frameworks";
			outputFileListPaths = (
				"${PODS_ROOT}/Target Support Files/Pods-BaseMVVMTests/Pods-BaseMVVMTests-frameworks-${CONFIGURATION}-output-files.xcfilelist",
			);
			runOnlyForDeploymentPostprocessing = 0;
			shellPath = /bin/sh;
			shellScript = "\"${PODS_ROOT}/Target Support Files/Pods-BaseMVVMTests/Pods-BaseMVVMTests-frameworks.sh\"\n";
			showEnvVarsInLog = 0;
		};
		F7DDCFFE169664A56731C776 /* [CP] Check Pods Manifest.lock */ = {
			isa = PBXShellScriptBuildPhase;
			buildActionMask = 2147483647;
			files = (
			);
			inputFileListPaths = (
			);
			inputPaths = (
				"${PODS_PODFILE_DIR_PATH}/Podfile.lock",
				"${PODS_ROOT}/Manifest.lock",
			);
			name = "[CP] Check Pods Manifest.lock";
			outputFileListPaths = (
			);
			outputPaths = (
				"$(DERIVED_FILE_DIR)/Pods-BaseMVVM-checkManifestLockResult.txt",
			);
			runOnlyForDeploymentPostprocessing = 0;
			shellPath = /bin/sh;
			shellScript = "diff \"${PODS_PODFILE_DIR_PATH}/Podfile.lock\" \"${PODS_ROOT}/Manifest.lock\" > /dev/null\nif [ $? != 0 ] ; then\n    # print error to STDERR\n    echo \"error: The sandbox is not in sync with the Podfile.lock. Run 'pod install' or update your CocoaPods installation.\" >&2\n    exit 1\nfi\n# This output is used by Xcode 'outputs' to avoid re-running this script phase.\necho \"SUCCESS\" > \"${SCRIPT_OUTPUT_FILE_0}\"\n";
			showEnvVarsInLog = 0;
		};
/* End PBXShellScriptBuildPhase section */

/* Begin PBXSourcesBuildPhase section */
		FB012347246BBF740020C7A9 /* Sources */ = {
			isa = PBXSourcesBuildPhase;
			buildActionMask = 2147483647;
			files = (
				FB692F232617344B00397E55 /* UserServiceProtocol.swift in Sources */,
				FB4F00A225C915A500DF06B9 /* ViewModel.swift in Sources */,
				FB3BFF5A26E20BD600575911 /* StepPageController.swift in Sources */,
				FB15276C28C092FF00209083 /* ReverseController.swift in Sources */,
				FB4F009E25C9156B00DF06B9 /* MainController.swift in Sources */,
				FB3BFF4D26E15F4C00575911 /* PageViewModel.swift in Sources */,
				FB3BFF4926E15ED800575911 /* PagesViewModel.swift in Sources */,
				FB3BFF4726E15E5A00575911 /* PagesMainController.swift in Sources */,
				FB692F1D2617341200397E55 /* CommonComponents.swift in Sources */,
				FB2780E9261734CA007AD08A /* UserService.swift in Sources */,
				FB3BFF5D26E20BD600575911 /* StepPageViewModel.swift in Sources */,
				FB3BFF5B26E20BD600575911 /* StepPagesViewModel.swift in Sources */,
				FB3BFF4B26E15EE700575911 /* PagesController.swift in Sources */,
				FB012352246BBF740020C7A9 /* DiffController.swift in Sources */,
				FB3BFF5C26E20BD600575911 /* StepPagesMainViewModel.swift in Sources */,
				FB01234E246BBF740020C7A9 /* AppDelegate.swift in Sources */,
				FBDA8EEE287A0380002A15EF /* CloseTopController.swift in Sources */,
				FB4F009A25C9155F00DF06B9 /* MainViewModel.swift in Sources */,
				FB3BFF4526E15E4D00575911 /* PagesMainViewModel.swift in Sources */,
				FB3BFF5926E20BD600575911 /* StepPagesController.swift in Sources */,
				FB3BFF5826E20BD600575911 /* StepPagesMainController.swift in Sources */,
				FB2780ED26173C20007AD08A /* Animal.swift in Sources */,
				FB3BFF4F26E15F5C00575911 /* PageController.swift in Sources */,
			);
			runOnlyForDeploymentPostprocessing = 0;
		};
		FB061AE2230D39B300202907 /* Sources */ = {
			isa = PBXSourcesBuildPhase;
			buildActionMask = 2147483647;
			files = (
				FB692F11261730EE00397E55 /* SBIViewModel.swift in Sources */,
				FB061B14230D452400202907 /* SBBaseTableController.swift in Sources */,
				FB061B1E230D46E200202907 /* SBServiceFactoryProtocol.swift in Sources */,
				FB1ED59C246B901800A9B39E /* SBDiffCalculator.swift in Sources */,
				FB02A00E237EF7940042AE84 /* SBBaseTabBarController.swift in Sources */,
				FB061B32230D57F800202907 /* SBServiceBaseVM.swift in Sources */,
				FB692F172617325700397E55 /* SBIBaseVM.swift in Sources */,
				FB061B11230D452400202907 /* SBBindUIProtocol.swift in Sources */,
				FB2098F923CF33C000006EF5 /* SBApiClientProtocol.swift in Sources */,
				FB2098FD23CF525200006EF5 /* String+Ext.swift in Sources */,
				FB061B0E230D452400202907 /* SBMVVMHolderProtocol.swift in Sources */,
				FBE2155F2812C47A002E29FC /* SBCollectionDataProvider.swift in Sources */,
				FB061B1A230D460600202907 /* SBPreloaderView.swift in Sources */,
				FB061B1C230D460F00202907 /* UIAlertController+Ext.swift in Sources */,
				FB692F0D261730B300397E55 /* ComponentsResolver.swift in Sources */,
				FB2F4B4F282D3A240032B101 /* SBCollectionDataProvider+RxSwift.swift in Sources */,
				FB061B0F230D452400202907 /* SBBaseVM.swift in Sources */,
				FB116F2323CDC3D30038B698 /* Dictionary+Ext.swift in Sources */,
				FB4F00B025C9172F00DF06B9 /* SBDefaultServiceFactory.swift in Sources */,
				FB061B15230D452400202907 /* SBBindProtocol.swift in Sources */,
				FB061B13230D452400202907 /* SBNavigationController.swift in Sources */,
				FB2098FB23CF372C00006EF5 /* SBAlamofireApiClient.swift in Sources */,
				FB061B12230D452400202907 /* SBPreloaderController.swift in Sources */,
				FB3BFF4226E14D0600575911 /* SBBasePageController.swift in Sources */,
				FB4F00A825C9164C00DF06B9 /* SBDefaultDowloadService.swift in Sources */,
				FB2F4B4D282D39C90032B101 /* SBCollectionDataProvider+UIView.swift in Sources */,
				FB4F00AC25C9169F00DF06B9 /* SBDefaultUserService.swift in Sources */,
				FB326B39246C0C7100A821C4 /* SBDiffCalculator+RxSwift.swift in Sources */,
				FB692F09261730A600397E55 /* Inject.swift in Sources */,
				FB061B0D230D452400202907 /* SBBaseController.swift in Sources */,
				FB061B10230D452400202907 /* SBViewModel.swift in Sources */,
				FB061B22230D4E1600202907 /* SBAuthUserServiceProtocol.swift in Sources */,
				FB061B16230D452400202907 /* SBMVVMHolderUIBase.swift in Sources */,
				FB43BE922538879200492795 /* Observable+Ext.swift in Sources */,
				FB061B26230D519800202907 /* UIViewController+Ext.swift in Sources */,
				FB061B20230D4CCE00202907 /* SBServiceViewModel.swift in Sources */,
				FB061B30230D55C700202907 /* SBDowloadServiceProtocol.swift in Sources */,
				FB1ED59E246BA16500A9B39E /* SBDiffCalculator+UIView.swift in Sources */,
			);
			runOnlyForDeploymentPostprocessing = 0;
		};
		FB061AEB230D39B300202907 /* Sources */ = {
			isa = PBXSourcesBuildPhase;
			buildActionMask = 2147483647;
			files = (
				FB061AF5230D39B300202907 /* BaseMVVMTests.swift in Sources */,
				FB1ED5A0246BA5D400A9B39E /* SBDiffCalculatorTests.swift in Sources */,
				FB116F2523CDCA7B0038B698 /* DictionaryExtTests.swift in Sources */,
				FB2098FF23CF5F5700006EF5 /* StringExtTests.swift in Sources */,
			);
			runOnlyForDeploymentPostprocessing = 0;
		};
/* End PBXSourcesBuildPhase section */

/* Begin PBXTargetDependency section */
		FB061AF2230D39B300202907 /* PBXTargetDependency */ = {
			isa = PBXTargetDependency;
			target = FB061AE5230D39B300202907 /* BaseMVVM */;
			targetProxy = FB061AF1230D39B300202907 /* PBXContainerItemProxy */;
		};
/* End PBXTargetDependency section */

/* Begin PBXVariantGroup section */
		FB012353246BBF740020C7A9 /* Main.storyboard */ = {
			isa = PBXVariantGroup;
			children = (
				FB012354246BBF740020C7A9 /* Base */,
			);
			name = Main.storyboard;
			sourceTree = "<group>";
		};
		FB012358246BBF750020C7A9 /* LaunchScreen.storyboard */ = {
			isa = PBXVariantGroup;
			children = (
				FB012359246BBF750020C7A9 /* Base */,
			);
			name = LaunchScreen.storyboard;
			sourceTree = "<group>";
		};
		FB061B2B230D53B500202907 /* Localizable.strings */ = {
			isa = PBXVariantGroup;
			children = (
				FB061B2A230D53B500202907 /* ru */,
				FB061B2C230D53C200202907 /* en */,
			);
			name = Localizable.strings;
			sourceTree = "<group>";
		};
/* End PBXVariantGroup section */

/* Begin XCBuildConfiguration section */
		FB01235C246BBF750020C7A9 /* Debug */ = {
			isa = XCBuildConfiguration;
			buildSettings = {
				ASSETCATALOG_COMPILER_APPICON_NAME = AppIcon;
				CODE_SIGN_STYLE = Automatic;
				DEVELOPMENT_TEAM = 7727LS28TQ;
				INFOPLIST_FILE = Examples/Info.plist;
				IPHONEOS_DEPLOYMENT_TARGET = 15.6;
				LD_RUNPATH_SEARCH_PATHS = (
					"$(inherited)",
					"@executable_path/Frameworks",
				);
				PRODUCT_BUNDLE_IDENTIFIER = com.speakerboxlite.Examples;
				PRODUCT_NAME = "$(TARGET_NAME)";
				SWIFT_VERSION = 5.0;
				TARGETED_DEVICE_FAMILY = "1,2";
			};
			name = Debug;
		};
		FB01235D246BBF750020C7A9 /* Release */ = {
			isa = XCBuildConfiguration;
			buildSettings = {
				ASSETCATALOG_COMPILER_APPICON_NAME = AppIcon;
				CODE_SIGN_STYLE = Automatic;
				DEVELOPMENT_TEAM = 7727LS28TQ;
				INFOPLIST_FILE = Examples/Info.plist;
				IPHONEOS_DEPLOYMENT_TARGET = 15.6;
				LD_RUNPATH_SEARCH_PATHS = (
					"$(inherited)",
					"@executable_path/Frameworks",
				);
				PRODUCT_BUNDLE_IDENTIFIER = com.speakerboxlite.Examples;
				PRODUCT_NAME = "$(TARGET_NAME)";
				SWIFT_VERSION = 5.0;
				TARGETED_DEVICE_FAMILY = "1,2";
			};
			name = Release;
		};
		FB061AF8230D39B300202907 /* Debug */ = {
			isa = XCBuildConfiguration;
			buildSettings = {
				ALWAYS_SEARCH_USER_PATHS = NO;
				CLANG_ANALYZER_NONNULL = YES;
				CLANG_ANALYZER_NUMBER_OBJECT_CONVERSION = YES_AGGRESSIVE;
				CLANG_CXX_LANGUAGE_STANDARD = "gnu++14";
				CLANG_CXX_LIBRARY = "libc++";
				CLANG_ENABLE_MODULES = YES;
				CLANG_ENABLE_OBJC_ARC = YES;
				CLANG_ENABLE_OBJC_WEAK = YES;
				CLANG_WARN_BLOCK_CAPTURE_AUTORELEASING = YES;
				CLANG_WARN_BOOL_CONVERSION = YES;
				CLANG_WARN_COMMA = YES;
				CLANG_WARN_CONSTANT_CONVERSION = YES;
				CLANG_WARN_DEPRECATED_OBJC_IMPLEMENTATIONS = YES;
				CLANG_WARN_DIRECT_OBJC_ISA_USAGE = YES_ERROR;
				CLANG_WARN_DOCUMENTATION_COMMENTS = YES;
				CLANG_WARN_EMPTY_BODY = YES;
				CLANG_WARN_ENUM_CONVERSION = YES;
				CLANG_WARN_INFINITE_RECURSION = YES;
				CLANG_WARN_INT_CONVERSION = YES;
				CLANG_WARN_NON_LITERAL_NULL_CONVERSION = YES;
				CLANG_WARN_OBJC_IMPLICIT_RETAIN_SELF = YES;
				CLANG_WARN_OBJC_LITERAL_CONVERSION = YES;
				CLANG_WARN_OBJC_ROOT_CLASS = YES_ERROR;
				CLANG_WARN_RANGE_LOOP_ANALYSIS = YES;
				CLANG_WARN_STRICT_PROTOTYPES = YES;
				CLANG_WARN_SUSPICIOUS_MOVE = YES;
				CLANG_WARN_UNGUARDED_AVAILABILITY = YES_AGGRESSIVE;
				CLANG_WARN_UNREACHABLE_CODE = YES;
				CLANG_WARN__DUPLICATE_METHOD_MATCH = YES;
				CODE_SIGN_IDENTITY = "iPhone Developer";
				COPY_PHASE_STRIP = NO;
				CURRENT_PROJECT_VERSION = 1;
				DEBUG_INFORMATION_FORMAT = dwarf;
				ENABLE_STRICT_OBJC_MSGSEND = YES;
				ENABLE_TESTABILITY = YES;
				GCC_C_LANGUAGE_STANDARD = gnu11;
				GCC_DYNAMIC_NO_PIC = NO;
				GCC_NO_COMMON_BLOCKS = YES;
				GCC_OPTIMIZATION_LEVEL = 0;
				GCC_PREPROCESSOR_DEFINITIONS = (
					"DEBUG=1",
					"$(inherited)",
				);
				GCC_WARN_64_TO_32_BIT_CONVERSION = YES;
				GCC_WARN_ABOUT_RETURN_TYPE = YES_ERROR;
				GCC_WARN_UNDECLARED_SELECTOR = YES;
				GCC_WARN_UNINITIALIZED_AUTOS = YES_AGGRESSIVE;
				GCC_WARN_UNUSED_FUNCTION = YES;
				GCC_WARN_UNUSED_VARIABLE = YES;
				IPHONEOS_DEPLOYMENT_TARGET = 12.4;
				MTL_ENABLE_DEBUG_INFO = INCLUDE_SOURCE;
				MTL_FAST_MATH = YES;
				ONLY_ACTIVE_ARCH = YES;
				SDKROOT = iphoneos;
				SWIFT_ACTIVE_COMPILATION_CONDITIONS = DEBUG;
				SWIFT_OPTIMIZATION_LEVEL = "-Onone";
				VERSIONING_SYSTEM = "apple-generic";
				VERSION_INFO_PREFIX = "";
			};
			name = Debug;
		};
		FB061AF9230D39B300202907 /* Release */ = {
			isa = XCBuildConfiguration;
			buildSettings = {
				ALWAYS_SEARCH_USER_PATHS = NO;
				CLANG_ANALYZER_NONNULL = YES;
				CLANG_ANALYZER_NUMBER_OBJECT_CONVERSION = YES_AGGRESSIVE;
				CLANG_CXX_LANGUAGE_STANDARD = "gnu++14";
				CLANG_CXX_LIBRARY = "libc++";
				CLANG_ENABLE_MODULES = YES;
				CLANG_ENABLE_OBJC_ARC = YES;
				CLANG_ENABLE_OBJC_WEAK = YES;
				CLANG_WARN_BLOCK_CAPTURE_AUTORELEASING = YES;
				CLANG_WARN_BOOL_CONVERSION = YES;
				CLANG_WARN_COMMA = YES;
				CLANG_WARN_CONSTANT_CONVERSION = YES;
				CLANG_WARN_DEPRECATED_OBJC_IMPLEMENTATIONS = YES;
				CLANG_WARN_DIRECT_OBJC_ISA_USAGE = YES_ERROR;
				CLANG_WARN_DOCUMENTATION_COMMENTS = YES;
				CLANG_WARN_EMPTY_BODY = YES;
				CLANG_WARN_ENUM_CONVERSION = YES;
				CLANG_WARN_INFINITE_RECURSION = YES;
				CLANG_WARN_INT_CONVERSION = YES;
				CLANG_WARN_NON_LITERAL_NULL_CONVERSION = YES;
				CLANG_WARN_OBJC_IMPLICIT_RETAIN_SELF = YES;
				CLANG_WARN_OBJC_LITERAL_CONVERSION = YES;
				CLANG_WARN_OBJC_ROOT_CLASS = YES_ERROR;
				CLANG_WARN_RANGE_LOOP_ANALYSIS = YES;
				CLANG_WARN_STRICT_PROTOTYPES = YES;
				CLANG_WARN_SUSPICIOUS_MOVE = YES;
				CLANG_WARN_UNGUARDED_AVAILABILITY = YES_AGGRESSIVE;
				CLANG_WARN_UNREACHABLE_CODE = YES;
				CLANG_WARN__DUPLICATE_METHOD_MATCH = YES;
				CODE_SIGN_IDENTITY = "iPhone Developer";
				COPY_PHASE_STRIP = NO;
				CURRENT_PROJECT_VERSION = 1;
				DEBUG_INFORMATION_FORMAT = "dwarf-with-dsym";
				ENABLE_NS_ASSERTIONS = NO;
				ENABLE_STRICT_OBJC_MSGSEND = YES;
				GCC_C_LANGUAGE_STANDARD = gnu11;
				GCC_NO_COMMON_BLOCKS = YES;
				GCC_WARN_64_TO_32_BIT_CONVERSION = YES;
				GCC_WARN_ABOUT_RETURN_TYPE = YES_ERROR;
				GCC_WARN_UNDECLARED_SELECTOR = YES;
				GCC_WARN_UNINITIALIZED_AUTOS = YES_AGGRESSIVE;
				GCC_WARN_UNUSED_FUNCTION = YES;
				GCC_WARN_UNUSED_VARIABLE = YES;
				IPHONEOS_DEPLOYMENT_TARGET = 12.4;
				MTL_ENABLE_DEBUG_INFO = NO;
				MTL_FAST_MATH = YES;
				SDKROOT = iphoneos;
				SWIFT_COMPILATION_MODE = wholemodule;
				SWIFT_OPTIMIZATION_LEVEL = "-O";
				VALIDATE_PRODUCT = YES;
				VERSIONING_SYSTEM = "apple-generic";
				VERSION_INFO_PREFIX = "";
			};
			name = Release;
		};
		FB061AFB230D39B300202907 /* Debug */ = {
			isa = XCBuildConfiguration;
			baseConfigurationReference = 98542F77A270387507298FFB /* Pods-BaseMVVM.debug.xcconfig */;
			buildSettings = {
				CLANG_ENABLE_MODULES = YES;
				CODE_SIGN_IDENTITY = "";
				CODE_SIGN_STYLE = Automatic;
				DEFINES_MODULE = YES;
				DEVELOPMENT_TEAM = 7727LS28TQ;
				DYLIB_COMPATIBILITY_VERSION = 1;
				DYLIB_CURRENT_VERSION = 1;
				DYLIB_INSTALL_NAME_BASE = "@rpath";
				INFOPLIST_FILE = BaseMVVM/Info.plist;
				INSTALL_PATH = "$(LOCAL_LIBRARY_DIR)/Frameworks";
				IPHONEOS_DEPLOYMENT_TARGET = 15.6;
				LD_RUNPATH_SEARCH_PATHS = (
					"$(inherited)",
					"@executable_path/Frameworks",
					"@loader_path/Frameworks",
				);
				PRODUCT_BUNDLE_IDENTIFIER = com.speakerboxlite.BaseMVVM;
				PRODUCT_NAME = "$(TARGET_NAME:c99extidentifier)";
				SKIP_INSTALL = YES;
				SWIFT_OPTIMIZATION_LEVEL = "-Onone";
				SWIFT_VERSION = 5.0;
				TARGETED_DEVICE_FAMILY = "1,2";
			};
			name = Debug;
		};
		FB061AFC230D39B300202907 /* Release */ = {
			isa = XCBuildConfiguration;
			baseConfigurationReference = E1EFABDFD4FCFA11D36601CC /* Pods-BaseMVVM.release.xcconfig */;
			buildSettings = {
				CLANG_ENABLE_MODULES = YES;
				CODE_SIGN_IDENTITY = "";
				CODE_SIGN_STYLE = Automatic;
				DEFINES_MODULE = YES;
				DEVELOPMENT_TEAM = 7727LS28TQ;
				DYLIB_COMPATIBILITY_VERSION = 1;
				DYLIB_CURRENT_VERSION = 1;
				DYLIB_INSTALL_NAME_BASE = "@rpath";
				INFOPLIST_FILE = BaseMVVM/Info.plist;
				INSTALL_PATH = "$(LOCAL_LIBRARY_DIR)/Frameworks";
				IPHONEOS_DEPLOYMENT_TARGET = 15.6;
				LD_RUNPATH_SEARCH_PATHS = (
					"$(inherited)",
					"@executable_path/Frameworks",
					"@loader_path/Frameworks",
				);
				PRODUCT_BUNDLE_IDENTIFIER = com.speakerboxlite.BaseMVVM;
				PRODUCT_NAME = "$(TARGET_NAME:c99extidentifier)";
				SKIP_INSTALL = YES;
				SWIFT_VERSION = 5.0;
				TARGETED_DEVICE_FAMILY = "1,2";
			};
			name = Release;
		};
		FB061AFE230D39B300202907 /* Debug */ = {
			isa = XCBuildConfiguration;
			baseConfigurationReference = 5E3B1E9CC6DF31ADC3EB3131 /* Pods-BaseMVVMTests.debug.xcconfig */;
			buildSettings = {
				ALWAYS_EMBED_SWIFT_STANDARD_LIBRARIES = YES;
				CODE_SIGN_STYLE = Automatic;
				DEVELOPMENT_TEAM = 7727LS28TQ;
				INFOPLIST_FILE = BaseMVVMTests/Info.plist;
				IPHONEOS_DEPLOYMENT_TARGET = 15.6;
				LD_RUNPATH_SEARCH_PATHS = (
					"$(inherited)",
					"@executable_path/Frameworks",
					"@loader_path/Frameworks",
				);
				PRODUCT_BUNDLE_IDENTIFIER = com.speakerboxlite.BaseMVVMTests;
				PRODUCT_NAME = "$(TARGET_NAME)";
				SWIFT_VERSION = 5.0;
				TARGETED_DEVICE_FAMILY = "1,2";
			};
			name = Debug;
		};
		FB061AFF230D39B300202907 /* Release */ = {
			isa = XCBuildConfiguration;
			baseConfigurationReference = BCE52BBA4C6C80C00411E235 /* Pods-BaseMVVMTests.release.xcconfig */;
			buildSettings = {
				ALWAYS_EMBED_SWIFT_STANDARD_LIBRARIES = YES;
				CODE_SIGN_STYLE = Automatic;
				DEVELOPMENT_TEAM = 7727LS28TQ;
				INFOPLIST_FILE = BaseMVVMTests/Info.plist;
				IPHONEOS_DEPLOYMENT_TARGET = 15.6;
				LD_RUNPATH_SEARCH_PATHS = (
					"$(inherited)",
					"@executable_path/Frameworks",
					"@loader_path/Frameworks",
				);
				PRODUCT_BUNDLE_IDENTIFIER = com.speakerboxlite.BaseMVVMTests;
				PRODUCT_NAME = "$(TARGET_NAME)";
				SWIFT_VERSION = 5.0;
				TARGETED_DEVICE_FAMILY = "1,2";
			};
			name = Release;
		};
/* End XCBuildConfiguration section */

/* Begin XCConfigurationList section */
		FB01235E246BBF750020C7A9 /* Build configuration list for PBXNativeTarget "Examples" */ = {
			isa = XCConfigurationList;
			buildConfigurations = (
				FB01235C246BBF750020C7A9 /* Debug */,
				FB01235D246BBF750020C7A9 /* Release */,
			);
			defaultConfigurationIsVisible = 0;
			defaultConfigurationName = Release;
		};
		FB061AE0230D39B200202907 /* Build configuration list for PBXProject "BaseMVVM" */ = {
			isa = XCConfigurationList;
			buildConfigurations = (
				FB061AF8230D39B300202907 /* Debug */,
				FB061AF9230D39B300202907 /* Release */,
			);
			defaultConfigurationIsVisible = 0;
			defaultConfigurationName = Release;
		};
		FB061AFA230D39B300202907 /* Build configuration list for PBXNativeTarget "BaseMVVM" */ = {
			isa = XCConfigurationList;
			buildConfigurations = (
				FB061AFB230D39B300202907 /* Debug */,
				FB061AFC230D39B300202907 /* Release */,
			);
			defaultConfigurationIsVisible = 0;
			defaultConfigurationName = Release;
		};
		FB061AFD230D39B300202907 /* Build configuration list for PBXNativeTarget "BaseMVVMTests" */ = {
			isa = XCConfigurationList;
			buildConfigurations = (
				FB061AFE230D39B300202907 /* Debug */,
				FB061AFF230D39B300202907 /* Release */,
			);
			defaultConfigurationIsVisible = 0;
			defaultConfigurationName = Release;
		};
/* End XCConfigurationList section */

/* Begin XCLocalSwiftPackageReference section */
		35C0A0062F87C7E1008117B0 /* XCLocalSwiftPackageReference "." */ = {
			isa = XCLocalSwiftPackageReference;
			relativePath = .;
		};
/* End XCLocalSwiftPackageReference section */

/* Begin XCRemoteSwiftPackageReference section */
		35C0A0072F87C7E1008117B0 /* XCRemoteSwiftPackageReference "RxSwift" */ = {
			isa = XCRemoteSwiftPackageReference;
			repositoryURL = "https://github.com/ReactiveX/RxSwift.git";
			requirement = {
				kind = exactVersion;
				version = 6.7.1;
			};
		};
/* End XCRemoteSwiftPackageReference section */

/* Begin XCSwiftPackageProductDependency section */
		35C0A0002F87C7E1008117B0 /* BaseMVVM */ = {
			isa = XCSwiftPackageProductDependency;
			package = 35C0A0062F87C7E1008117B0 /* XCLocalSwiftPackageReference "." */;
			productName = BaseMVVM;
		};
		35C0A0022F87C7E1008117B0 /* RxRelay */ = {
			isa = XCSwiftPackageProductDependency;
			package = 35C0A0072F87C7E1008117B0 /* XCRemoteSwiftPackageReference "RxSwift" */;
			productName = RxRelay;
		};
		35C0A0042F87C7E1008117B0 /* RxSwift */ = {
			isa = XCSwiftPackageProductDependency;
			package = 35C0A0072F87C7E1008117B0 /* XCRemoteSwiftPackageReference "RxSwift" */;
			productName = RxSwift;
		};
/* End XCSwiftPackageProductDependency section */
	};
	rootObject = FB061ADD230D39B200202907 /* Project object */;
}
